
Microsoft Visual Studio Solution File, Format Version 12.00
# Visual Studio Version 17
VisualStudioVersion = 17.7.34009.444
MinimumVisualStudioVersion = 10.0.40219.1
Project("{FAE04EC0-301F-11D3-BF4B-00C04F79EFBC}") = "MapperExample", "MapperExample\MapperExample.csproj", "{CE85AEF3-6A0A-43F7-ACFD-FA9C2F73B54E}"
EndProject
Global
	GlobalSection(SolutionConfigurationPlatforms) = preSolution
		Debug|Any CPU = Debug|Any CPU
		Release|Any CPU = Release|Any CPU
	EndGlobalSection
	GlobalSection(ProjectConfigurationPlatforms) = postSolution
		{CE85AEF3-6A0A-43F7-ACFD-FA9C2F73B54E}.Debug|Any CPU.ActiveCfg = Debug|Any CPU
		{CE85AEF3-6A0A-43F7-ACFD-FA9C2F73B54E}.Debug|Any CPU.Build.0 = Debug|Any CPU
		{CE85AEF3-6A0A-43F7-ACFD-FA9C2F73B54E}.Release|Any CPU.ActiveCfg = Release|Any CPU
		{CE85AEF3-6A0A-43F7-ACFD-FA9C2F73B54E}.Release|Any CPU.Build.0 = Release|Any CPU
	EndGlobalSection
	GlobalSection(SolutionProperties) = preSolution
		HideSolutionNode = FALSE
	EndGlobalSection
	GlobalSection(ExtensibilityGlobals) = postSolution
		SolutionGuid = {1889FFAD-1439-44E9-9F10-C22B1F04A18D}
	EndGlobalSection
EndGlobal
